
Microsoft Visual Studio Solution File, Format Version 12.00
# Visual Studio 14
VisualStudioVersion = 14.0.25123.0
MinimumVisualStudioVersion = 10.0.40219.1
Project("{FAE04EC0-301F-11D3-BF4B-00C04F79EFBC}") = "cs-tree-genetic-programming", "cs-tree-genetic-programming\cs-tree-genetic-programming.csproj", "{45CC614A-0955-4C5A-AE65-DDDE428A4AD0}"
EndProject
Project("{FAE04EC0-301F-11D3-BF4B-00C04F79EFBC}") = "cs-tree-genetic-programming-samples", "cs-tree-genetic-programming-samples\cs-tree-genetic-programming-samples.csproj", "{DD485827-0911-4C22-8891-A12981D3259A}"
EndProject
Project("{FAE04EC0-301F-11D3-BF4B-00C04F79EFBC}") = "cs-tree-genetic-programming-samples-spiral-classification", "cs-tree-genetic-programming-samples-spiral-classification\cs-tree-genetic-programming-samples-spiral-classification.csproj", "{683F03D9-FE02-4CE9-9E03-94A40BA42C40}"
EndProject
Project("{FAE04EC0-301F-11D3-BF4B-00C04F79EFBC}") = "cs-tree-genetic-programming-samples-mexican-hat", "cs-tree-genetic-programming-samples-mexican-hat\cs-tree-genetic-programming-samples-mexican-hat.csproj", "{B942CE7C-33E5-4FA4-8F68-BB3AAB817511}"
EndProject
Global
	GlobalSection(SolutionConfigurationPlatforms) = preSolution
		Debug|Any CPU = Debug|Any CPU
		Release|Any CPU = Release|Any CPU
	EndGlobalSection
	GlobalSection(ProjectConfigurationPlatforms) = postSolution
		{45CC614A-0955-4C5A-AE65-DDDE428A4AD0}.Debug|Any CPU.ActiveCfg = Debug|Any CPU
		{45CC614A-0955-4C5A-AE65-DDDE428A4AD0}.Debug|Any CPU.Build.0 = Debug|Any CPU
		{45CC614A-0955-4C5A-AE65-DDDE428A4AD0}.Release|Any CPU.ActiveCfg = Release|Any CPU
		{45CC614A-0955-4C5A-AE65-DDDE428A4AD0}.Release|Any CPU.Build.0 = Release|Any CPU
		{DD485827-0911-4C22-8891-A12981D3259A}.Debug|Any CPU.ActiveCfg = Debug|Any CPU
		{DD485827-0911-4C22-8891-A12981D3259A}.Debug|Any CPU.Build.0 = Debug|Any CPU
		{DD485827-0911-4C22-8891-A12981D3259A}.Release|Any CPU.ActiveCfg = Release|Any CPU
		{DD485827-0911-4C22-8891-A12981D3259A}.Release|Any CPU.Build.0 = Release|Any CPU
		{683F03D9-FE02-4CE9-9E03-94A40BA42C40}.Debug|Any CPU.ActiveCfg = Debug|Any CPU
		{683F03D9-FE02-4CE9-9E03-94A40BA42C40}.Debug|Any CPU.Build.0 = Debug|Any CPU
		{683F03D9-FE02-4CE9-9E03-94A40BA42C40}.Release|Any CPU.ActiveCfg = Release|Any CPU
		{683F03D9-FE02-4CE9-9E03-94A40BA42C40}.Release|Any CPU.Build.0 = Release|Any CPU
		{B942CE7C-33E5-4FA4-8F68-BB3AAB817511}.Debug|Any CPU.ActiveCfg = Debug|Any CPU
		{B942CE7C-33E5-4FA4-8F68-BB3AAB817511}.Debug|Any CPU.Build.0 = Debug|Any CPU
		{B942CE7C-33E5-4FA4-8F68-BB3AAB817511}.Release|Any CPU.ActiveCfg = Release|Any CPU
		{B942CE7C-33E5-4FA4-8F68-BB3AAB817511}.Release|Any CPU.Build.0 = Release|Any CPU
	EndGlobalSection
	GlobalSection(SolutionProperties) = preSolution
		HideSolutionNode = FALSE
	EndGlobalSection
EndGlobal
